
Microsoft Visual Studio Solution File, Format Version 12.00
# Visual Studio Version 17
VisualStudioVersion = 17.8.34511.84
MinimumVisualStudioVersion = 10.0.40219.1
Project("{888888A0-9F3D-457C-B088-3A5042F75D52}") = "DCA_AS4", "DCA_AS4\DCA_AS4.pyproj", "{38912929-9ACC-4DA6-A816-4C7A1D5162F6}"
EndProject
Global
	GlobalSection(SolutionConfigurationPlatforms) = preSolution
		Debug|Any CPU = Debug|Any CPU
		Release|Any CPU = Release|Any CPU
	EndGlobalSection
	GlobalSection(ProjectConfigurationPlatforms) = postSolution
		{38912929-9ACC-4DA6-A816-4C7A1D5162F6}.Debug|Any CPU.ActiveCfg = Debug|Any CPU
		{38912929-9ACC-4DA6-A816-4C7A1D5162F6}.Release|Any CPU.ActiveCfg = Release|Any CPU
	EndGlobalSection
	GlobalSection(SolutionProperties) = preSolution
		HideSolutionNode = FALSE
	EndGlobalSection
	GlobalSection(ExtensibilityGlobals) = postSolution
		SolutionGuid = {30EC8DB8-2837-48A5-98C2-3B022203C82C}
	EndGlobalSection
EndGlobal
